# THIS IS AN AUTOGENERATED FILE. DO NOT EDIT THIS FILE DIRECTLY.
# yarn lockfile v1


confusing-browser-globals@^1.0.1:
  version "1.0.1"
  resolved "https://registry.yarnpkg.com/confusing-browser-globals/-/confusing-browser-globals-1.0.1.tgz#1e29b0ea381370457012be10025287d335a5e41e"
  integrity sha512-x1necx9DSvDjda/ovFIz73PmJd3MWv86k7TZPBjIQEV39ec2cfT5s7EQxg30Ch1VqociIHbObr7EsqdFF01wHA==
