# THIS IS AN AUTOGENERATED FILE. DO NOT EDIT THIS FILE DIRECTLY.
# yarn lockfile v1


confusing-browser-globals@^1.0.4:
  version "1.0.4"
  resolved "https://registry.yarnpkg.com/confusing-browser-globals/-/confusing-browser-globals-1.0.4.tgz#7d3ae232117abdf158f968c1ebeeab42ea980991"
  integrity sha512-oS1wYNQBHNxM7xnwetiG8X4QjEbWwSzQjcBTtsz0HTNLCTBsepo12z557p9I9F9gYCHaVGQ3rcJD/tQgprGlRA==
