# THIS IS AN AUTOGENERATED FILE. DO NOT EDIT THIS FILE DIRECTLY.
# yarn lockfile v1


confusing-browser-globals@^1.0.1:
  version "1.0.3"
  resolved "https://registry.yarnpkg.com/confusing-browser-globals/-/confusing-browser-globals-1.0.3.tgz#fefd5f993b4833fd814dc85633528d03df6e758c"
  integrity sha512-I+wBkVHWYZtnYj3/Ix72w7zHn9kM3pJJ9IkegXa+V3Hlw91Q+1lVlIbwW81GpoH2mHfNr+HTEPdLzMEtbvzYhQ==
